
Microsoft Visual Studio Solution File, Format Version 12.00
# Visual Studio Version 16
VisualStudioVersion = 16.0.32002.261
MinimumVisualStudioVersion = 10.0.40219.1
Project("{FAE04EC0-301F-11D3-BF4B-00C04F79EFBC}") = "APP.API", "APPAPI\APP.API.csproj", "{740C4916-25EB-441A-A055-45B4D25C7621}"
EndProject
Project("{FAE04EC0-301F-11D3-BF4B-00C04F79EFBC}") = "APP.Abstraction", "APP.Abstraction\APP.Abstraction.csproj", "{36804E37-6C1C-4BFE-BBF0-023A522E7DD4}"
EndProject
Project("{FAE04EC0-301F-11D3-BF4B-00C04F79EFBC}") = "APP.Core", "APP.Core\APP.Core.csproj", "{401A6496-D6DA-4D88-A738-DEC11432CE73}"
EndProject
Project("{FAE04EC0-301F-11D3-BF4B-00C04F79EFBC}") = "APP.Infrastracture", "APP.Infrastracture\APP.Infrastracture.csproj", "{336D437D-ABFF-4D11-8318-59A685A05E0A}"
EndProject
Global
	GlobalSection(SolutionConfigurationPlatforms) = preSolution
		Debug|Any CPU = Debug|Any CPU
		Release|Any CPU = Release|Any CPU
	EndGlobalSection
	GlobalSection(ProjectConfigurationPlatforms) = postSolution
		{740C4916-25EB-441A-A055-45B4D25C7621}.Debug|Any CPU.ActiveCfg = Debug|Any CPU
		{740C4916-25EB-441A-A055-45B4D25C7621}.Debug|Any CPU.Build.0 = Debug|Any CPU
		{740C4916-25EB-441A-A055-45B4D25C7621}.Release|Any CPU.ActiveCfg = Release|Any CPU
		{740C4916-25EB-441A-A055-45B4D25C7621}.Release|Any CPU.Build.0 = Release|Any CPU
		{36804E37-6C1C-4BFE-BBF0-023A522E7DD4}.Debug|Any CPU.ActiveCfg = Debug|Any CPU
		{36804E37-6C1C-4BFE-BBF0-023A522E7DD4}.Debug|Any CPU.Build.0 = Debug|Any CPU
		{36804E37-6C1C-4BFE-BBF0-023A522E7DD4}.Release|Any CPU.ActiveCfg = Release|Any CPU
		{36804E37-6C1C-4BFE-BBF0-023A522E7DD4}.Release|Any CPU.Build.0 = Release|Any CPU
		{401A6496-D6DA-4D88-A738-DEC11432CE73}.Debug|Any CPU.ActiveCfg = Debug|Any CPU
		{401A6496-D6DA-4D88-A738-DEC11432CE73}.Debug|Any CPU.Build.0 = Debug|Any CPU
		{401A6496-D6DA-4D88-A738-DEC11432CE73}.Release|Any CPU.ActiveCfg = Release|Any CPU
		{401A6496-D6DA-4D88-A738-DEC11432CE73}.Release|Any CPU.Build.0 = Release|Any CPU
		{336D437D-ABFF-4D11-8318-59A685A05E0A}.Debug|Any CPU.ActiveCfg = Debug|Any CPU
		{336D437D-ABFF-4D11-8318-59A685A05E0A}.Debug|Any CPU.Build.0 = Debug|Any CPU
		{336D437D-ABFF-4D11-8318-59A685A05E0A}.Release|Any CPU.ActiveCfg = Release|Any CPU
		{336D437D-ABFF-4D11-8318-59A685A05E0A}.Release|Any CPU.Build.0 = Release|Any CPU
	EndGlobalSection
	GlobalSection(SolutionProperties) = preSolution
		HideSolutionNode = FALSE
	EndGlobalSection
	GlobalSection(ExtensibilityGlobals) = postSolution
		SolutionGuid = {3947753D-BC28-4184-A87A-7AEC2FE6D2F1}
	EndGlobalSection
EndGlobal
